// !$*UTF8*$!
{
	archiveVersion = 1;
	classes = {
	};
	objectVersion = 56;
	objects = {

/* Begin PBXBuildFile section */
		E281236E2CC21A2600ED994F /* To_Do_ListApp.swift in Sources */ = {isa = PBXBuildFile; fileRef = E281236D2CC21A2600ED994F /* To_Do_ListApp.swift */; };
		E28123702CC21A2600ED994F /* ContentView.swift in Sources */ = {isa = PBXBuildFile; fileRef = E281236F2CC21A2600ED994F /* ContentView.swift */; };
		E28123722CC21A2700ED994F /* Assets.xcassets in Resources */ = {isa = PBXBuildFile; fileRef = E28123712CC21A2700ED994F /* Assets.xcassets */; };
		E28123752CC21A2700ED994F /* Preview Assets.xcassets in Resources */ = {isa = PBXBuildFile; fileRef = E28123742CC21A2700ED994F /* Preview Assets.xcassets */; };
		E281237F2CC21A2700ED994F /* To_Do_ListTests.swift in Sources */ = {isa = PBXBuildFile; fileRef = E281237E2CC21A2700ED994F /* To_Do_ListTests.swift */; };
		E28123892CC21A2700ED994F /* To_Do_ListUITests.swift in Sources */ = {isa = PBXBuildFile; fileRef = E28123882CC21A2700ED994F /* To_Do_ListUITests.swift */; };
		E281238B2CC21A2700ED994F /* To_Do_ListUITestsLaunchTests.swift in Sources */ = {isa = PBXBuildFile; fileRef = E281238A2CC21A2700ED994F /* To_Do_ListUITestsLaunchTests.swift */; };
/* End PBXBuildFile section */

/* Begin PBXContainerItemProxy section */
		E281237B2CC21A2700ED994F /* PBXContainerItemProxy */ = {
			isa = PBXContainerItemProxy;
			containerPortal = E28123622CC21A2600ED994F /* Project object */;
			proxyType = 1;
			remoteGlobalIDString = E28123692CC21A2600ED994F;
			remoteInfo = "To-Do-List";
		};
		E28123852CC21A2700ED994F /* PBXContainerItemProxy */ = {
			isa = PBXContainerItemProxy;
			containerPortal = E28123622CC21A2600ED994F /* Project object */;
			proxyType = 1;
			remoteGlobalIDString = E28123692CC21A2600ED994F;
			remoteInfo = "To-Do-List";
		};
/* End PBXContainerItemProxy section */

/* Begin PBXFileReference section */
		E281236A2CC21A2600ED994F /* To-Do-List.app */ = {isa = PBXFileReference; explicitFileType = wrapper.application; includeInIndex = 0; path = "To-Do-List.app"; sourceTree = BUILT_PRODUCTS_DIR; };
		E281236D2CC21A2600ED994F /* To_Do_ListApp.swift */ = {isa = PBXFileReference; lastKnownFileType = sourcecode.swift; path = To_Do_ListApp.swift; sourceTree = "<group>"; };
		E281236F2CC21A2600ED994F /* ContentView.swift */ = {isa = PBXFileReference; lastKnownFileType = sourcecode.swift; path = ContentView.swift; sourceTree = "<group>"; };
		E28123712CC21A2700ED994F /* Assets.xcassets */ = {isa = PBXFileReference; lastKnownFileType = folder.assetcatalog; path = Assets.xcassets; sourceTree = "<group>"; };
		E28123742CC21A2700ED994F /* Preview Assets.xcassets */ = {isa = PBXFileReference; lastKnownFileType = folder.assetcatalog; path = "Preview Assets.xcassets"; sourceTree = "<group>"; };
		E281237A2CC21A2700ED994F /* To-Do-ListTests.xctest */ = {isa = PBXFileReference; explicitFileType = wrapper.cfbundle; includeInIndex = 0; path = "To-Do-ListTests.xctest"; sourceTree = BUILT_PRODUCTS_DIR; };
		E281237E2CC21A2700ED994F /* To_Do_ListTests.swift */ = {isa = PBXFileReference; lastKnownFileType = sourcecode.swift; path = To_Do_ListTests.swift; sourceTree = "<group>"; };
		E28123842CC21A2700ED994F /* To-Do-ListUITests.xctest */ = {isa = PBXFileReference; explicitFileType = wrapper.cfbundle; includeInIndex = 0; path = "To-Do-ListUITests.xctest"; sourceTree = BUILT_PRODUCTS_DIR; };
		E28123882CC21A2700ED994F /* To_Do_ListUITests.swift */ = {isa = PBXFileReference; lastKnownFileType = sourcecode.swift; path = To_Do_ListUITests.swift; sourceTree = "<group>"; };
		E281238A2CC21A2700ED994F /* To_Do_ListUITestsLaunchTests.swift */ = {isa = PBXFileReference; lastKnownFileType = sourcecode.swift; path = To_Do_ListUITestsLaunchTests.swift; sourceTree = "<group>"; };
/* End PBXFileReference section */

/* Begin PBXFrameworksBuildPhase section */
		E28123672CC21A2600ED994F /* Frameworks */ = {
			isa = PBXFrameworksBuildPhase;
			buildActionMask = 2147483647;
			files = (
			);
			runOnlyForDeploymentPostprocessing = 0;
		};
		E28123772CC21A2700ED994F /* Frameworks */ = {
			isa = PBXFrameworksBuildPhase;
			buildActionMask = 2147483647;
			files = (
			);
			runOnlyForDeploymentPostprocessing = 0;
		};
		E28123812CC21A2700ED994F /* Frameworks */ = {
			isa = PBXFrameworksBuildPhase;
			buildActionMask = 2147483647;
			files = (
			);
			runOnlyForDeploymentPostprocessing = 0;
		};
/* End PBXFrameworksBuildPhase section */

/* Begin PBXGroup section */
		E28123612CC21A2600ED994F = {
			isa = PBXGroup;
			children = (
				E281236C2CC21A2600ED994F /* To-Do-List */,
				E281237D2CC21A2700ED994F /* To-Do-ListTests */,
				E28123872CC21A2700ED994F /* To-Do-ListUITests */,
				E281236B2CC21A2600ED994F /* Products */,
			);
			sourceTree = "<group>";
		};
		E281236B2CC21A2600ED994F /* Products */ = {
			isa = PBXGroup;
			children = (
				E281236A2CC21A2600ED994F /* To-Do-List.app */,
				E281237A2CC21A2700ED994F /* To-Do-ListTests.xctest */,
				E28123842CC21A2700ED994F /* To-Do-ListUITests.xctest */,
			);
			name = Products;
			sourceTree = "<group>";
		};
		E281236C2CC21A2600ED994F /* To-Do-List */ = {
			isa = PBXGroup;
			children = (
				E281236D2CC21A2600ED994F /* To_Do_ListApp.swift */,
				E281236F2CC21A2600ED994F /* ContentView.swift */,
				E28123712CC21A2700ED994F /* Assets.xcassets */,
				E28123732CC21A2700ED994F /* Preview Content */,
			);
			path = "To-Do-List";
			sourceTree = "<group>";
		};
		E28123732CC21A2700ED994F /* Preview Content */ = {
			isa = PBXGroup;
			children = (
				E28123742CC21A2700ED994F /* Preview Assets.xcassets */,
			);
			path = "Preview Content";
			sourceTree = "<group>";
		};
		E281237D2CC21A2700ED994F /* To-Do-ListTests */ = {
			isa = PBXGroup;
			children = (
				E281237E2CC21A2700ED994F /* To_Do_ListTests.swift */,
			);
			path = "To-Do-ListTests";
			sourceTree = "<group>";
		};
		E28123872CC21A2700ED994F /* To-Do-ListUITests */ = {
			isa = PBXGroup;
			children = (
				E28123882CC21A2700ED994F /* To_Do_ListUITests.swift */,
				E281238A2CC21A2700ED994F /* To_Do_ListUITestsLaunchTests.swift */,
			);
			path = "To-Do-ListUITests";
			sourceTree = "<group>";
		};
/* End PBXGroup section */

/* Begin PBXNativeTarget section */
		E28123692CC21A2600ED994F /* To-Do-List */ = {
			isa = PBXNativeTarget;
			buildConfigurationList = E281238E2CC21A2700ED994F /* Build configuration list for PBXNativeTarget "To-Do-List" */;
			buildPhases = (
				E28123662CC21A2600ED994F /* Sources */,
				E28123672CC21A2600ED994F /* Frameworks */,
				E28123682CC21A2600ED994F /* Resources */,
			);
			buildRules = (
			);
			dependencies = (
			);
			name = "To-Do-List";
			productName = "To-Do-List";
			productReference = E281236A2CC21A2600ED994F /* To-Do-List.app */;
			productType = "com.apple.product-type.application";
		};
		E28123792CC21A2700ED994F /* To-Do-ListTests */ = {
			isa = PBXNativeTarget;
			buildConfigurationList = E28123912CC21A2700ED994F /* Build configuration list for PBXNativeTarget "To-Do-ListTests" */;
			buildPhases = (
				E28123762CC21A2700ED994F /* Sources */,
				E28123772CC21A2700ED994F /* Frameworks */,
				E28123782CC21A2700ED994F /* Resources */,
			);
			buildRules = (
			);
			dependencies = (
				E281237C2CC21A2700ED994F /* PBXTargetDependency */,
			);
			name = "To-Do-ListTests";
			productName = "To-Do-ListTests";
			productReference = E281237A2CC21A2700ED994F /* To-Do-ListTests.xctest */;
			productType = "com.apple.product-type.bundle.unit-test";
		};
		E28123832CC21A2700ED994F /* To-Do-ListUITests */ = {
			isa = PBXNativeTarget;
			buildConfigurationList = E28123942CC21A2700ED994F /* Build configuration list for PBXNativeTarget "To-Do-ListUITests" */;
			buildPhases = (
				E28123802CC21A2700ED994F /* Sources */,
				E28123812CC21A2700ED994F /* Frameworks */,
				E28123822CC21A2700ED994F /* Resources */,
			);
			buildRules = (
			);
			dependencies = (
				E28123862CC21A2700ED994F /* PBXTargetDependency */,
			);
			name = "To-Do-ListUITests";
			productName = "To-Do-ListUITests";
			productReference = E28123842CC21A2700ED994F /* To-Do-ListUITests.xctest */;
			productType = "com.apple.product-type.bundle.ui-testing";
		};
/* End PBXNativeTarget section */

/* Begin PBXProject section */
		E28123622CC21A2600ED994F /* Project object */ = {
			isa = PBXProject;
			attributes = {
				BuildIndependentTargetsInParallel = 1;
				LastSwiftUpdateCheck = 1540;
				LastUpgradeCheck = 1540;
				TargetAttributes = {
					E28123692CC21A2600ED994F = {
						CreatedOnToolsVersion = 15.4;
					};
					E28123792CC21A2700ED994F = {
						CreatedOnToolsVersion = 15.4;
						TestTargetID = E28123692CC21A2600ED994F;
					};
					E28123832CC21A2700ED994F = {
						CreatedOnToolsVersion = 15.4;
						TestTargetID = E28123692CC21A2600ED994F;
					};
				};
			};
			buildConfigurationList = E28123652CC21A2600ED994F /* Build configuration list for PBXProject "To-Do-List" */;
			compatibilityVersion = "Xcode 14.0";
			developmentRegion = en;
			hasScannedForEncodings = 0;
			knownRegions = (
				en,
				Base,
			);
			mainGroup = E28123612CC21A2600ED994F;
			productRefGroup = E281236B2CC21A2600ED994F /* Products */;
			projectDirPath = "";
			projectRoot = "";
			targets = (
				E28123692CC21A2600ED994F /* To-Do-List */,
				E28123792CC21A2700ED994F /* To-Do-ListTests */,
				E28123832CC21A2700ED994F /* To-Do-ListUITests */,
			);
		};
/* End PBXProject section */

/* Begin PBXResourcesBuildPhase section */
		E28123682CC21A2600ED994F /* Resources */ = {
			isa = PBXResourcesBuildPhase;
			buildActionMask = 2147483647;
			files = (
				E28123752CC21A2700ED994F /* Preview Assets.xcassets in Resources */,
				E28123722CC21A2700ED994F /* Assets.xcassets in Resources */,
			);
			runOnlyForDeploymentPostprocessing = 0;
		};
		E28123782CC21A2700ED994F /* Resources */ = {
			isa = PBXResourcesBuildPhase;
			buildActionMask = 2147483647;
			files = (
			);
			runOnlyForDeploymentPostprocessing = 0;
		};
		E28123822CC21A2700ED994F /* Resources */ = {
			isa = PBXResourcesBuildPhase;
			buildActionMask = 2147483647;
			files = (
			);
			runOnlyForDeploymentPostprocessing = 0;
		};
/* End PBXResourcesBuildPhase section */

/* Begin PBXSourcesBuildPhase section */
		E28123662CC21A2600ED994F /* Sources */ = {
			isa = PBXSourcesBuildPhase;
			buildActionMask = 2147483647;
			files = (
				E28123702CC21A2600ED994F /* ContentView.swift in Sources */,
				E281236E2CC21A2600ED994F /* To_Do_ListApp.swift in Sources */,
			);
			runOnlyForDeploymentPostprocessing = 0;
		};
		E28123762CC21A2700ED994F /* Sources */ = {
			isa = PBXSourcesBuildPhase;
			buildActionMask = 2147483647;
			files = (
				E281237F2CC21A2700ED994F /* To_Do_ListTests.swift in Sources */,
			);
			runOnlyForDeploymentPostprocessing = 0;
		};
		E28123802CC21A2700ED994F /* Sources */ = {
			isa = PBXSourcesBuildPhase;
			buildActionMask = 2147483647;
			files = (
				E281238B2CC21A2700ED994F /* To_Do_ListUITestsLaunchTests.swift in Sources */,
				E28123892CC21A2700ED994F /* To_Do_ListUITests.swift in Sources */,
			);
			runOnlyForDeploymentPostprocessing = 0;
		};
/* End PBXSourcesBuildPhase section */

/* Begin PBXTargetDependency section */
		E281237C2CC21A2700ED994F /* PBXTargetDependency */ = {
			isa = PBXTargetDependency;
			target = E28123692CC21A2600ED994F /* To-Do-List */;
			targetProxy = E281237B2CC21A2700ED994F /* PBXContainerItemProxy */;
		};
		E28123862CC21A2700ED994F /* PBXTargetDependency */ = {
			isa = PBXTargetDependency;
			target = E28123692CC21A2600ED994F /* To-Do-List */;
			targetProxy = E28123852CC21A2700ED994F /* PBXContainerItemProxy */;
		};
/* End PBXTargetDependency section */

/* Begin XCBuildConfiguration section */
		E281238C2CC21A2700ED994F /* Debug */ = {
			isa = XCBuildConfiguration;
			buildSettings = {
				ALWAYS_SEARCH_USER_PATHS = NO;
				ASSETCATALOG_COMPILER_GENERATE_SWIFT_ASSET_SYMBOL_EXTENSIONS = YES;
				CLANG_ANALYZER_NONNULL = YES;
				CLANG_ANALYZER_NUMBER_OBJECT_CONVERSION = YES_AGGRESSIVE;
				CLANG_CXX_LANGUAGE_STANDARD = "gnu++20";
				CLANG_ENABLE_MODULES = YES;
				CLANG_ENABLE_OBJC_ARC = YES;
				CLANG_ENABLE_OBJC_WEAK = YES;
				CLANG_WARN_BLOCK_CAPTURE_AUTORELEASING = YES;
				CLANG_WARN_BOOL_CONVERSION = YES;
				CLANG_WARN_COMMA = YES;
				CLANG_WARN_CONSTANT_CONVERSION = YES;
				CLANG_WARN_DEPRECATED_OBJC_IMPLEMENTATIONS = YES;
				CLANG_WARN_DIRECT_OBJC_ISA_USAGE = YES_ERROR;
				CLANG_WARN_DOCUMENTATION_COMMENTS = YES;
				CLANG_WARN_EMPTY_BODY = YES;
				CLANG_WARN_ENUM_CONVERSION = YES;
				CLANG_WARN_INFINITE_RECURSION = YES;
				CLANG_WARN_INT_CONVERSION = YES;
				CLANG_WARN_NON_LITERAL_NULL_CONVERSION = YES;
				CLANG_WARN_OBJC_IMPLICIT_RETAIN_SELF = YES;
				CLANG_WARN_OBJC_LITERAL_CONVERSION = YES;
				CLANG_WARN_OBJC_ROOT_CLASS = YES_ERROR;
				CLANG_WARN_QUOTED_INCLUDE_IN_FRAMEWORK_HEADER = YES;
				CLANG_WARN_RANGE_LOOP_ANALYSIS = YES;
				CLANG_WARN_STRICT_PROTOTYPES = YES;
				CLANG_WARN_SUSPICIOUS_MOVE = YES;
				CLANG_WARN_UNGUARDED_AVAILABILITY = YES_AGGRESSIVE;
				CLANG_WARN_UNREACHABLE_CODE = YES;
				CLANG_WARN__DUPLICATE_METHOD_MATCH = YES;
				COPY_PHASE_STRIP = NO;
				DEBUG_INFORMATION_FORMAT = dwarf;
				ENABLE_STRICT_OBJC_MSGSEND = YES;
				ENABLE_TESTABILITY = YES;
				ENABLE_USER_SCRIPT_SANDBOXING = YES;
				GCC_C_LANGUAGE_STANDARD = gnu17;
				GCC_DYNAMIC_NO_PIC = NO;
				GCC_NO_COMMON_BLOCKS = YES;
				GCC_OPTIMIZATION_LEVEL = 0;
				GCC_PREPROCESSOR_DEFINITIONS = (
					"DEBUG=1",
					"$(inherited)",
				);
				GCC_WARN_64_TO_32_BIT_CONVERSION = YES;
				GCC_WARN_ABOUT_RETURN_TYPE = YES_ERROR;
				GCC_WARN_UNDECLARED_SELECTOR = YES;
				GCC_WARN_UNINITIALIZED_AUTOS = YES_AGGRESSIVE;
				GCC_WARN_UNUSED_FUNCTION = YES;
				GCC_WARN_UNUSED_VARIABLE = YES;
				IPHONEOS_DEPLOYMENT_TARGET = 17.5;
				LOCALIZATION_PREFERS_STRING_CATALOGS = YES;
				MTL_ENABLE_DEBUG_INFO = INCLUDE_SOURCE;
				MTL_FAST_MATH = YES;
				ONLY_ACTIVE_ARCH = YES;
				SDKROOT = iphoneos;
				SWIFT_ACTIVE_COMPILATION_CONDITIONS = "DEBUG $(inherited)";
				SWIFT_OPTIMIZATION_LEVEL = "-Onone";
			};
			name = Debug;
		};
		E281238D2CC21A2700ED994F /* Release */ = {
			isa = XCBuildConfiguration;
			buildSettings = {
				ALWAYS_SEARCH_USER_PATHS = NO;
				ASSETCATALOG_COMPILER_GENERATE_SWIFT_ASSET_SYMBOL_EXTENSIONS = YES;
				CLANG_ANALYZER_NONNULL = YES;
				CLANG_ANALYZER_NUMBER_OBJECT_CONVERSION = YES_AGGRESSIVE;
				CLANG_CXX_LANGUAGE_STANDARD = "gnu++20";
				CLANG_ENABLE_MODULES = YES;
				CLANG_ENABLE_OBJC_ARC = YES;
				CLANG_ENABLE_OBJC_WEAK = YES;
				CLANG_WARN_BLOCK_CAPTURE_AUTORELEASING = YES;
				CLANG_WARN_BOOL_CONVERSION = YES;
				CLANG_WARN_COMMA = YES;
				CLANG_WARN_CONSTANT_CONVERSION = YES;
				CLANG_WARN_DEPRECATED_OBJC_IMPLEMENTATIONS = YES;
				CLANG_WARN_DIRECT_OBJC_ISA_USAGE = YES_ERROR;
				CLANG_WARN_DOCUMENTATION_COMMENTS = YES;
				CLANG_WARN_EMPTY_BODY = YES;
				CLANG_WARN_ENUM_CONVERSION = YES;
				CLANG_WARN_INFINITE_RECURSION = YES;
				CLANG_WARN_INT_CONVERSION = YES;
				CLANG_WARN_NON_LITERAL_NULL_CONVERSION = YES;
				CLANG_WARN_OBJC_IMPLICIT_RETAIN_SELF = YES;
				CLANG_WARN_OBJC_LITERAL_CONVERSION = YES;
				CLANG_WARN_OBJC_ROOT_CLASS = YES_ERROR;
				CLANG_WARN_QUOTED_INCLUDE_IN_FRAMEWORK_HEADER = YES;
				CLANG_WARN_RANGE_LOOP_ANALYSIS = YES;
				CLANG_WARN_STRICT_PROTOTYPES = YES;
				CLANG_WARN_SUSPICIOUS_MOVE = YES;
				CLANG_WARN_UNGUARDED_AVAILABILITY = YES_AGGRESSIVE;
				CLANG_WARN_UNREACHABLE_CODE = YES;
				CLANG_WARN__DUPLICATE_METHOD_MATCH = YES;
				COPY_PHASE_STRIP = NO;
				DEBUG_INFORMATION_FORMAT = "dwarf-with-dsym";
				ENABLE_NS_ASSERTIONS = NO;
				ENABLE_STRICT_OBJC_MSGSEND = YES;
				ENABLE_USER_SCRIPT_SANDBOXING = YES;
				GCC_C_LANGUAGE_STANDARD = gnu17;
				GCC_NO_COMMON_BLOCKS = YES;
				GCC_WARN_64_TO_32_BIT_CONVERSION = YES;
				GCC_WARN_ABOUT_RETURN_TYPE = YES_ERROR;
				GCC_WARN_UNDECLARED_SELECTOR = YES;
				GCC_WARN_UNINITIALIZED_AUTOS = YES_AGGRESSIVE;
				GCC_WARN_UNUSED_FUNCTION = YES;
				GCC_WARN_UNUSED_VARIABLE = YES;
				IPHONEOS_DEPLOYMENT_TARGET = 17.5;
				LOCALIZATION_PREFERS_STRING_CATALOGS = YES;
				MTL_ENABLE_DEBUG_INFO = NO;
				MTL_FAST_MATH = YES;
				SDKROOT = iphoneos;
				SWIFT_COMPILATION_MODE = wholemodule;
				VALIDATE_PRODUCT = YES;
			};
			name = Release;
		};
		E281238F2CC21A2700ED994F /* Debug */ = {
			isa = XCBuildConfiguration;
			buildSettings = {
				ASSETCATALOG_COMPILER_APPICON_NAME = AppIcon;
				ASSETCATALOG_COMPILER_GLOBAL_ACCENT_COLOR_NAME = AccentColor;
				CODE_SIGN_STYLE = Automatic;
				CURRENT_PROJECT_VERSION = 1;
				DEVELOPMENT_ASSET_PATHS = "\"To-Do-List/Preview Content\"";
				ENABLE_PREVIEWS = YES;
				GENERATE_INFOPLIST_FILE = YES;
				INFOPLIST_KEY_UIApplicationSceneManifest_Generation = YES;
				INFOPLIST_KEY_UIApplicationSupportsIndirectInputEvents = YES;
				INFOPLIST_KEY_UILaunchScreen_Generation = YES;
				INFOPLIST_KEY_UISupportedInterfaceOrientations_iPad = "UIInterfaceOrientationPortrait UIInterfaceOrientationPortraitUpsideDown UIInterfaceOrientationLandscapeLeft UIInterfaceOrientationLandscapeRight";
				INFOPLIST_KEY_UISupportedInterfaceOrientations_iPhone = "UIInterfaceOrientationPortrait UIInterfaceOrientationLandscapeLeft UIInterfaceOrientationLandscapeRight";
				LD_RUNPATH_SEARCH_PATHS = (
					"$(inherited)",
					"@executable_path/Frameworks",
				);
				MARKETING_VERSION = 1.0;
				PRODUCT_BUNDLE_IDENTIFIER = "khanh.To-Do-List";
				PRODUCT_NAME = "$(TARGET_NAME)";
				SWIFT_EMIT_LOC_STRINGS = YES;
				SWIFT_VERSION = 5.0;
				TARGETED_DEVICE_FAMILY = "1,2";
			};
			name = Debug;
		};
		E28123902CC21A2700ED994F /* Release */ = {
			isa = XCBuildConfiguration;
			buildSettings = {
				ASSETCATALOG_COMPILER_APPICON_NAME = AppIcon;
				ASSETCATALOG_COMPILER_GLOBAL_ACCENT_COLOR_NAME = AccentColor;
				CODE_SIGN_STYLE = Automatic;
				CURRENT_PROJECT_VERSION = 1;
				DEVELOPMENT_ASSET_PATHS = "\"To-Do-List/Preview Content\"";
				ENABLE_PREVIEWS = YES;
				GENERATE_INFOPLIST_FILE = YES;
				INFOPLIST_KEY_UIApplicationSceneManifest_Generation = YES;
				INFOPLIST_KEY_UIApplicationSupportsIndirectInputEvents = YES;
				INFOPLIST_KEY_UILaunchScreen_Generation = YES;
				INFOPLIST_KEY_UISupportedInterfaceOrientations_iPad = "UIInterfaceOrientationPortrait UIInterfaceOrientationPortraitUpsideDown UIInterfaceOrientationLandscapeLeft UIInterfaceOrientationLandscapeRight";
				INFOPLIST_KEY_UISupportedInterfaceOrientations_iPhone = "UIInterfaceOrientationPortrait UIInterfaceOrientationLandscapeLeft UIInterfaceOrientationLandscapeRight";
				LD_RUNPATH_SEARCH_PATHS = (
					"$(inherited)",
					"@executable_path/Frameworks",
				);
				MARKETING_VERSION = 1.0;
				PRODUCT_BUNDLE_IDENTIFIER = "khanh.To-Do-List";
				PRODUCT_NAME = "$(TARGET_NAME)";
				SWIFT_EMIT_LOC_STRINGS = YES;
				SWIFT_VERSION = 5.0;
				TARGETED_DEVICE_FAMILY = "1,2";
			};
			name = Release;
		};
		E28123922CC21A2700ED994F /* Debug */ = {
			isa = XCBuildConfiguration;
			buildSettings = {
				ALWAYS_EMBED_SWIFT_STANDARD_LIBRARIES = YES;
				BUNDLE_LOADER = "$(TEST_HOST)";
				CODE_SIGN_STYLE = Automatic;
				CURRENT_PROJECT_VERSION = 1;
				GENERATE_INFOPLIST_FILE = YES;
				IPHONEOS_DEPLOYMENT_TARGET = 17.5;
				MARKETING_VERSION = 1.0;
				PRODUCT_BUNDLE_IDENTIFIER = "khanh.To-Do-ListTests";
				PRODUCT_NAME = "$(TARGET_NAME)";
				SWIFT_EMIT_LOC_STRINGS = NO;
				SWIFT_VERSION = 5.0;
				TARGETED_DEVICE_FAMILY = "1,2";
				TEST_HOST = "$(BUILT_PRODUCTS_DIR)/To-Do-List.app/$(BUNDLE_EXECUTABLE_FOLDER_PATH)/To-Do-List";
			};
			name = Debug;
		};
		E28123932CC21A2700ED994F /* Release */ = {
			isa = XCBuildConfiguration;
			buildSettings = {
				ALWAYS_EMBED_SWIFT_STANDARD_LIBRARIES = YES;
				BUNDLE_LOADER = "$(TEST_HOST)";
				CODE_SIGN_STYLE = Automatic;
				CURRENT_PROJECT_VERSION = 1;
				GENERATE_INFOPLIST_FILE = YES;
				IPHONEOS_DEPLOYMENT_TARGET = 17.5;
				MARKETING_VERSION = 1.0;
				PRODUCT_BUNDLE_IDENTIFIER = "khanh.To-Do-ListTests";
				PRODUCT_NAME = "$(TARGET_NAME)";
				SWIFT_EMIT_LOC_STRINGS = NO;
				SWIFT_VERSION = 5.0;
				TARGETED_DEVICE_FAMILY = "1,2";
				TEST_HOST = "$(BUILT_PRODUCTS_DIR)/To-Do-List.app/$(BUNDLE_EXECUTABLE_FOLDER_PATH)/To-Do-List";
			};
			name = Release;
		};
		E28123952CC21A2700ED994F /* Debug */ = {
			isa = XCBuildConfiguration;
			buildSettings = {
				ALWAYS_EMBED_SWIFT_STANDARD_LIBRARIES = YES;
				CODE_SIGN_STYLE = Automatic;
				CURRENT_PROJECT_VERSION = 1;
				GENERATE_INFOPLIST_FILE = YES;
				MARKETING_VERSION = 1.0;
				PRODUCT_BUNDLE_IDENTIFIER = "khanh.To-Do-ListUITests";
				PRODUCT_NAME = "$(TARGET_NAME)";
				SWIFT_EMIT_LOC_STRINGS = NO;
				SWIFT_VERSION = 5.0;
				TARGETED_DEVICE_FAMILY = "1,2";
				TEST_TARGET_NAME = "To-Do-List";
			};
			name = Debug;
		};
		E28123962CC21A2700ED994F /* Release */ = {
			isa = XCBuildConfiguration;
			buildSettings = {
				ALWAYS_EMBED_SWIFT_STANDARD_LIBRARIES = YES;
				CODE_SIGN_STYLE = Automatic;
				CURRENT_PROJECT_VERSION = 1;
				GENERATE_INFOPLIST_FILE = YES;
				MARKETING_VERSION = 1.0;
				PRODUCT_BUNDLE_IDENTIFIER = "khanh.To-Do-ListUITests";
				PRODUCT_NAME = "$(TARGET_NAME)";
				SWIFT_EMIT_LOC_STRINGS = NO;
				SWIFT_VERSION = 5.0;
				TARGETED_DEVICE_FAMILY = "1,2";
				TEST_TARGET_NAME = "To-Do-List";
			};
			name = Release;
		};
/* End XCBuildConfiguration section */

/* Begin XCConfigurationList section */
		E28123652CC21A2600ED994F /* Build configuration list for PBXProject "To-Do-List" */ = {
			isa = XCConfigurationList;
			buildConfigurations = (
				E281238C2CC21A2700ED994F /* Debug */,
				E281238D2CC21A2700ED994F /* Release */,
			);
			defaultConfigurationIsVisible = 0;
			defaultConfigurationName = Release;
		};
		E281238E2CC21A2700ED994F /* Build configuration list for PBXNativeTarget "To-Do-List" */ = {
			isa = XCConfigurationList;
			buildConfigurations = (
				E281238F2CC21A2700ED994F /* Debug */,
				E28123902CC21A2700ED994F /* Release */,
			);
			defaultConfigurationIsVisible = 0;
			defaultConfigurationName = Release;
		};
		E28123912CC21A2700ED994F /* Build configuration list for PBXNativeTarget "To-Do-ListTests" */ = {
			isa = XCConfigurationList;
			buildConfigurations = (
				E28123922CC21A2700ED994F /* Debug */,
				E28123932CC21A2700ED994F /* Release */,
			);
			defaultConfigurationIsVisible = 0;
			defaultConfigurationName = Release;
		};
		E28123942CC21A2700ED994F /* Build configuration list for PBXNativeTarget "To-Do-ListUITests" */ = {
			isa = XCConfigurationList;
			buildConfigurations = (
				E28123952CC21A2700ED994F /* Debug */,
				E28123962CC21A2700ED994F /* Release */,
			);
			defaultConfigurationIsVisible = 0;
			defaultConfigurationName = Release;
		};
/* End XCConfigurationList section */
	};
	rootObject = E28123622CC21A2600ED994F /* Project object */;
}
